
Microsoft Visual Studio Solution File, Format Version 12.00
# Visual Studio Version 17
VisualStudioVersion = 17.10.34928.147
MinimumVisualStudioVersion = 10.0.40219.1
Project("{9A19103F-16F7-4668-BE54-9A1E7A4F7556}") = "Game.Tests", "Game.Tests\Game.Tests.csproj", "{888B9AE1-1055-48ED-BCA6-2BD085C71FB7}"
EndProject
Project("{9A19103F-16F7-4668-BE54-9A1E7A4F7556}") = "Game.EntityComponentSystem", "Game.EntityComponentSystem\Game.EntityComponentSystem.csproj", "{464D307B-61AE-4F93-8D2B-908CF3CF7B8D}"
EndProject
Project("{9A19103F-16F7-4668-BE54-9A1E7A4F7556}") = "Game.Common", "Game.Common\Game.Common.csproj", "{6F3A0F4B-F49C-4FFD-ACD9-1CFFC5CE0A70}"
EndProject
Global
	GlobalSection(SolutionConfigurationPlatforms) = preSolution
		Debug|Any CPU = Debug|Any CPU
		Release|Any CPU = Release|Any CPU
	EndGlobalSection
	GlobalSection(ProjectConfigurationPlatforms) = postSolution
		{888B9AE1-1055-48ED-BCA6-2BD085C71FB7}.Debug|Any CPU.ActiveCfg = Debug|Any CPU
		{888B9AE1-1055-48ED-BCA6-2BD085C71FB7}.Debug|Any CPU.Build.0 = Debug|Any CPU
		{888B9AE1-1055-48ED-BCA6-2BD085C71FB7}.Release|Any CPU.ActiveCfg = Release|Any CPU
		{888B9AE1-1055-48ED-BCA6-2BD085C71FB7}.Release|Any CPU.Build.0 = Release|Any CPU
		{464D307B-61AE-4F93-8D2B-908CF3CF7B8D}.Debug|Any CPU.ActiveCfg = Debug|Any CPU
		{464D307B-61AE-4F93-8D2B-908CF3CF7B8D}.Debug|Any CPU.Build.0 = Debug|Any CPU
		{464D307B-61AE-4F93-8D2B-908CF3CF7B8D}.Release|Any CPU.ActiveCfg = Release|Any CPU
		{464D307B-61AE-4F93-8D2B-908CF3CF7B8D}.Release|Any CPU.Build.0 = Release|Any CPU
		{6F3A0F4B-F49C-4FFD-ACD9-1CFFC5CE0A70}.Debug|Any CPU.ActiveCfg = Debug|Any CPU
		{6F3A0F4B-F49C-4FFD-ACD9-1CFFC5CE0A70}.Debug|Any CPU.Build.0 = Debug|Any CPU
		{6F3A0F4B-F49C-4FFD-ACD9-1CFFC5CE0A70}.Release|Any CPU.ActiveCfg = Release|Any CPU
		{6F3A0F4B-F49C-4FFD-ACD9-1CFFC5CE0A70}.Release|Any CPU.Build.0 = Release|Any CPU
	EndGlobalSection
	GlobalSection(SolutionProperties) = preSolution
		HideSolutionNode = FALSE
	EndGlobalSection
	GlobalSection(ExtensibilityGlobals) = postSolution
		SolutionGuid = {B91E5A58-AD1A-42F1-93BC-30B6395F81D8}
	EndGlobalSection
EndGlobal
